
Microsoft Visual Studio Solution File, Format Version 12.00
# Visual Studio Version 17
VisualStudioVersion = 17.3.32819.101
MinimumVisualStudioVersion = 10.0.40219.1
Project("{9A19103F-16F7-4668-BE54-9A1E7A4F7556}") = "GameEngine", "GameEngine.csproj", "{A035B48D-413D-4F58-958F-095F3C56255A}"
EndProject
Project("{FAE04EC0-301F-11D3-BF4B-00C04F79EFBC}") = "Testing", "..\Testing\Testing.csproj", "{A25F18E3-8813-40FF-BFBF-0FB0A91E5307}"
EndProject
Global
	GlobalSection(SolutionConfigurationPlatforms) = preSolution
		Debug|Any CPU = Debug|Any CPU
		Release|Any CPU = Release|Any CPU
	EndGlobalSection
	GlobalSection(ProjectConfigurationPlatforms) = postSolution
		{A035B48D-413D-4F58-958F-095F3C56255A}.Debug|Any CPU.ActiveCfg = Debug|Any CPU
		{A035B48D-413D-4F58-958F-095F3C56255A}.Debug|Any CPU.Build.0 = Debug|Any CPU
		{A035B48D-413D-4F58-958F-095F3C56255A}.Release|Any CPU.ActiveCfg = Release|Any CPU
		{A035B48D-413D-4F58-958F-095F3C56255A}.Release|Any CPU.Build.0 = Release|Any CPU
		{A25F18E3-8813-40FF-BFBF-0FB0A91E5307}.Debug|Any CPU.ActiveCfg = Debug|Any CPU
		{A25F18E3-8813-40FF-BFBF-0FB0A91E5307}.Debug|Any CPU.Build.0 = Debug|Any CPU
		{A25F18E3-8813-40FF-BFBF-0FB0A91E5307}.Release|Any CPU.ActiveCfg = Release|Any CPU
		{A25F18E3-8813-40FF-BFBF-0FB0A91E5307}.Release|Any CPU.Build.0 = Release|Any CPU
	EndGlobalSection
	GlobalSection(SolutionProperties) = preSolution
		HideSolutionNode = FALSE
	EndGlobalSection
	GlobalSection(ExtensibilityGlobals) = postSolution
		SolutionGuid = {ADD79D41-0224-4014-92BB-4AFC894CDCB8}
	EndGlobalSection
EndGlobal
